Microsoft Visual Studio Solution File, Format Version 12.00
# Visual Studio Version 17
VisualStudioVersion = 17.0.31903.59
MinimumVisualStudioVersion = 10.0.40219.1
Project("{FAE04EC0-301F-11D3-BF4B-00C04F79EFBC}") = "BancoCarrefour.Contracts", "src\BancoCarrefour.Contracts\BancoCarrefour.Contracts.csproj", "{3F1E0E2D-8DD4-4B9F-AF35-C8E7AE3769E1}"
EndProject
Project("{FAE04EC0-301F-11D3-BF4B-00C04F79EFBC}") = "Ledger.Api", "src\Ledger\Ledger.Api\Ledger.Api.csproj", "{83371A3B-C01A-414F-80B9-EA0B572C783A}"
EndProject
Project("{FAE04EC0-301F-11D3-BF4B-00C04F79EFBC}") = "Ledger.Infrastructure", "src\Ledger\Ledger.Infrastructure\Ledger.Infrastructure.csproj", "{C2BF9EC8-5B71-4678-AE78-36F8AFA31B52}"
EndProject
Project("{FAE04EC0-301F-11D3-BF4B-00C04F79EFBC}") = "Ledger.OutboxPublisher", "src\Ledger\Ledger.OutboxPublisher\Ledger.OutboxPublisher.csproj", "{C42853FA-D15B-4E5C-8744-FF85B8D96FA6}"
EndProject
Project("{FAE04EC0-301F-11D3-BF4B-00C04F79EFBC}") = "ContractTests", "tests\ContractTests\ContractTests.csproj", "{5E90FA81-C31B-4E15-9542-0D717C6AD9DA}"
EndProject
Project("{FAE04EC0-301F-11D3-BF4B-00C04F79EFBC}") = "Ledger.IntegrationTests", "tests\Ledger.IntegrationTests\Ledger.IntegrationTests.csproj", "{CF271EEB-BA90-4887-8AFE-F2E2DA7C1327}"
EndProject
Project("{FAE04EC0-301F-11D3-BF4B-00C04F79EFBC}") = "Consolidation.Infrastructure", "src\Consolidation\Consolidation.Infrastructure\Consolidation.Infrastructure.csproj", "{E50C3E35-9A9D-4D79-9517-2767B01A33D1}"
EndProject
Project("{FAE04EC0-301F-11D3-BF4B-00C04F79EFBC}") = "Consolidation.Application", "src\Consolidation\Consolidation.Application\Consolidation.Application.csproj", "{B749FB07-78D8-4CF1-A117-59D68F83E856}"
EndProject
Project("{FAE04EC0-301F-11D3-BF4B-00C04F79EFBC}") = "Consolidation.Worker", "src\Consolidation\Consolidation.Worker\Consolidation.Worker.csproj", "{D9850E13-0576-460C-AEF6-7DB78D4B11E6}"
EndProject
Project("{FAE04EC0-301F-11D3-BF4B-00C04F79EFBC}") = "Consolidation.Api", "src\Consolidation\Consolidation.Api\Consolidation.Api.csproj", "{9E884D08-A727-4D57-9385-270845D3D55B}"
EndProject
Project("{FAE04EC0-301F-11D3-BF4B-00C04F79EFBC}") = "Consolidation.IntegrationTests", "tests\Consolidation.IntegrationTests\Consolidation.IntegrationTests.csproj", "{EAF38941-5E00-4729-BB64-41AF2CC8763A}"
EndProject
Project("{FAE04EC0-301F-11D3-BF4B-00C04F79EFBC}") = "Consolidation.LoadTests", "tests\Consolidation.LoadTests\Consolidation.LoadTests.csproj", "{FF0A43CA-8889-480B-8D29-B0D0F3D4CE46}"
EndProject
Project("{2150E333-8FDC-42A3-9474-1A3956D46DE8}") = "src", "src", "{DB653102-6675-4F44-BB10-30A6EEBB42CF}"
EndProject
Project("{2150E333-8FDC-42A3-9474-1A3956D46DE8}") = "Ledger", "Ledger", "{6ADB2F0A-CE67-454A-9133-10DDE3ED90D1}"
EndProject
Project("{FAE04EC0-301F-11D3-BF4B-00C04F79EFBC}") = "Ledger.Domain", "src\Ledger\Ledger.Domain\Ledger.Domain.csproj", "{BBB175D2-353B-4E45-B068-3B836CD7DD93}"
EndProject
Project("{FAE04EC0-301F-11D3-BF4B-00C04F79EFBC}") = "Ledger.Application", "src\Ledger\Ledger.Application\Ledger.Application.csproj", "{509630F6-4CE0-4A78-8D21-49F074393094}"
EndProject
Project("{2150E333-8FDC-42A3-9474-1A3956D46DE8}") = "tests", "tests", "{11F05B47-BEDB-4592-A15C-4486C368298C}"
EndProject
Project("{FAE04EC0-301F-11D3-BF4B-00C04F79EFBC}") = "Ledger.Domain.Tests", "tests\Ledger.Domain.Tests\Ledger.Domain.Tests.csproj", "{E4F07194-4FAD-4E41-A1F2-7ECFFEB2E8B4}"
EndProject
Project("{FAE04EC0-301F-11D3-BF4B-00C04F79EFBC}") = "Ledger.Application.Tests", "tests\Ledger.Application.Tests\Ledger.Application.Tests.csproj", "{48221422-B78C-490F-A8A7-066D07557A04}"
EndProject
Project("{FAE04EC0-301F-11D3-BF4B-00C04F79EFBC}") = "Architecture.Tests", "tests\Architecture.Tests\Architecture.Tests.csproj", "{EFC64A50-A717-415A-B4A6-4FCBEBC38518}"
EndProject
Project("{2150E333-8FDC-42A3-9474-1A3956D46DE8}") = "Consolidation", "Consolidation", "{253E2540-7F7A-4D94-992B-D93CCAEBA5FB}"
EndProject
Project("{FAE04EC0-301F-11D3-BF4B-00C04F79EFBC}") = "Consolidation.Domain", "src\Consolidation\Consolidation.Domain\Consolidation.Domain.csproj", "{B05E08BE-AF36-41F0-81D8-25C3CE05FFB9}"
EndProject
Project("{FAE04EC0-301F-11D3-BF4B-00C04F79EFBC}") = "Consolidation.Domain.Tests", "tests\Consolidation.Domain.Tests\Consolidation.Domain.Tests.csproj", "{14481F07-9DC0-4BE6-AE09-85AA6785E688}"
EndProject
Project("{FAE04EC0-301F-11D3-BF4B-00C04F79EFBC}") = "Consolidation.Application.Tests", "tests\Consolidation.Application.Tests\Consolidation.Application.Tests.csproj", "{24252947-05F2-47E5-9D1A-A8C5F1BC5F80}"
EndProject
Project("{FAE04EC0-301F-11D3-BF4B-00C04F79EFBC}") = "Security.IntegrationTests", "tests\Security.IntegrationTests\Security.IntegrationTests.csproj", "{906E9EC6-78D7-43BF-9566-6F2EC354F806}"
EndProject
Project("{2150E333-8FDC-42A3-9474-1A3956D46DE8}") = "Migrations", "Migrations", "{125A3015-A9E9-4BD1-9F3B-F685AF069A6F}"
EndProject
Project("{FAE04EC0-301F-11D3-BF4B-00C04F79EFBC}") = "MigrationRunner", "src\Migrations\MigrationRunner\MigrationRunner.csproj", "{5A2288D3-DA46-4457-88F8-C75A5C1999DB}"
EndProject
Project("{FAE04EC0-301F-11D3-BF4B-00C04F79EFBC}") = "MigrationRunner.Tests", "tests\MigrationRunner.Tests\MigrationRunner.Tests.csproj", "{3C738397-6B74-43C7-BBB5-557A22BFC496}"
EndProject
Global
	GlobalSection(SolutionConfigurationPlatforms) = preSolution
		Debug|Any CPU = Debug|Any CPU
		Release|Any CPU = Release|Any CPU
	EndGlobalSection
	GlobalSection(ProjectConfigurationPlatforms) = postSolution
		{3F1E0E2D-8DD4-4B9F-AF35-C8E7AE3769E1}.Debug|Any CPU.ActiveCfg = Debug|Any CPU
		{3F1E0E2D-8DD4-4B9F-AF35-C8E7AE3769E1}.Debug|Any CPU.Build.0 = Debug|Any CPU
		{3F1E0E2D-8DD4-4B9F-AF35-C8E7AE3769E1}.Release|Any CPU.ActiveCfg = Release|Any CPU
		{3F1E0E2D-8DD4-4B9F-AF35-C8E7AE3769E1}.Release|Any CPU.Build.0 = Release|Any CPU
		{83371A3B-C01A-414F-80B9-EA0B572C783A}.Debug|Any CPU.ActiveCfg = Debug|Any CPU
		{83371A3B-C01A-414F-80B9-EA0B572C783A}.Debug|Any CPU.Build.0 = Debug|Any CPU
		{83371A3B-C01A-414F-80B9-EA0B572C783A}.Release|Any CPU.ActiveCfg = Release|Any CPU
		{83371A3B-C01A-414F-80B9-EA0B572C783A}.Release|Any CPU.Build.0 = Release|Any CPU
		{C2BF9EC8-5B71-4678-AE78-36F8AFA31B52}.Debug|Any CPU.ActiveCfg = Debug|Any CPU
		{C2BF9EC8-5B71-4678-AE78-36F8AFA31B52}.Debug|Any CPU.Build.0 = Debug|Any CPU
		{C2BF9EC8-5B71-4678-AE78-36F8AFA31B52}.Release|Any CPU.ActiveCfg = Release|Any CPU
		{C2BF9EC8-5B71-4678-AE78-36F8AFA31B52}.Release|Any CPU.Build.0 = Release|Any CPU
		{C42853FA-D15B-4E5C-8744-FF85B8D96FA6}.Debug|Any CPU.ActiveCfg = Debug|Any CPU
		{C42853FA-D15B-4E5C-8744-FF85B8D96FA6}.Debug|Any CPU.Build.0 = Debug|Any CPU
		{C42853FA-D15B-4E5C-8744-FF85B8D96FA6}.Release|Any CPU.ActiveCfg = Release|Any CPU
		{C42853FA-D15B-4E5C-8744-FF85B8D96FA6}.Release|Any CPU.Build.0 = Release|Any CPU
		{5E90FA81-C31B-4E15-9542-0D717C6AD9DA}.Debug|Any CPU.ActiveCfg = Debug|Any CPU
		{5E90FA81-C31B-4E15-9542-0D717C6AD9DA}.Debug|Any CPU.Build.0 = Debug|Any CPU
		{5E90FA81-C31B-4E15-9542-0D717C6AD9DA}.Release|Any CPU.ActiveCfg = Release|Any CPU
		{5E90FA81-C31B-4E15-9542-0D717C6AD9DA}.Release|Any CPU.Build.0 = Release|Any CPU
		{CF271EEB-BA90-4887-8AFE-F2E2DA7C1327}.Debug|Any CPU.ActiveCfg = Debug|Any CPU
		{CF271EEB-BA90-4887-8AFE-F2E2DA7C1327}.Debug|Any CPU.Build.0 = Debug|Any CPU
		{CF271EEB-BA90-4887-8AFE-F2E2DA7C1327}.Release|Any CPU.ActiveCfg = Release|Any CPU
		{CF271EEB-BA90-4887-8AFE-F2E2DA7C1327}.Release|Any CPU.Build.0 = Release|Any CPU
		{E50C3E35-9A9D-4D79-9517-2767B01A33D1}.Debug|Any CPU.ActiveCfg = Debug|Any CPU
		{E50C3E35-9A9D-4D79-9517-2767B01A33D1}.Debug|Any CPU.Build.0 = Debug|Any CPU
		{E50C3E35-9A9D-4D79-9517-2767B01A33D1}.Release|Any CPU.ActiveCfg = Release|Any CPU
		{E50C3E35-9A9D-4D79-9517-2767B01A33D1}.Release|Any CPU.Build.0 = Release|Any CPU
		{B749FB07-78D8-4CF1-A117-59D68F83E856}.Debug|Any CPU.ActiveCfg = Debug|Any CPU
		{B749FB07-78D8-4CF1-A117-59D68F83E856}.Debug|Any CPU.Build.0 = Debug|Any CPU
		{B749FB07-78D8-4CF1-A117-59D68F83E856}.Release|Any CPU.ActiveCfg = Release|Any CPU
		{B749FB07-78D8-4CF1-A117-59D68F83E856}.Release|Any CPU.Build.0 = Release|Any CPU
		{D9850E13-0576-460C-AEF6-7DB78D4B11E6}.Debug|Any CPU.ActiveCfg = Debug|Any CPU
		{D9850E13-0576-460C-AEF6-7DB78D4B11E6}.Debug|Any CPU.Build.0 = Debug|Any CPU
		{D9850E13-0576-460C-AEF6-7DB78D4B11E6}.Release|Any CPU.ActiveCfg = Release|Any CPU
		{D9850E13-0576-460C-AEF6-7DB78D4B11E6}.Release|Any CPU.Build.0 = Release|Any CPU
		{9E884D08-A727-4D57-9385-270845D3D55B}.Debug|Any CPU.ActiveCfg = Debug|Any CPU
		{9E884D08-A727-4D57-9385-270845D3D55B}.Debug|Any CPU.Build.0 = Debug|Any CPU
		{9E884D08-A727-4D57-9385-270845D3D55B}.Release|Any CPU.ActiveCfg = Release|Any CPU
		{9E884D08-A727-4D57-9385-270845D3D55B}.Release|Any CPU.Build.0 = Release|Any CPU
		{EAF38941-5E00-4729-BB64-41AF2CC8763A}.Debug|Any CPU.ActiveCfg = Debug|Any CPU
		{EAF38941-5E00-4729-BB64-41AF2CC8763A}.Debug|Any CPU.Build.0 = Debug|Any CPU
		{EAF38941-5E00-4729-BB64-41AF2CC8763A}.Release|Any CPU.ActiveCfg = Release|Any CPU
		{EAF38941-5E00-4729-BB64-41AF2CC8763A}.Release|Any CPU.Build.0 = Release|Any CPU
		{FF0A43CA-8889-480B-8D29-B0D0F3D4CE46}.Debug|Any CPU.ActiveCfg = Debug|Any CPU
		{FF0A43CA-8889-480B-8D29-B0D0F3D4CE46}.Debug|Any CPU.Build.0 = Debug|Any CPU
		{FF0A43CA-8889-480B-8D29-B0D0F3D4CE46}.Release|Any CPU.ActiveCfg = Release|Any CPU
		{FF0A43CA-8889-480B-8D29-B0D0F3D4CE46}.Release|Any CPU.Build.0 = Release|Any CPU
		{BBB175D2-353B-4E45-B068-3B836CD7DD93}.Debug|Any CPU.ActiveCfg = Debug|Any CPU
		{BBB175D2-353B-4E45-B068-3B836CD7DD93}.Debug|Any CPU.Build.0 = Debug|Any CPU
		{BBB175D2-353B-4E45-B068-3B836CD7DD93}.Release|Any CPU.ActiveCfg = Release|Any CPU
		{BBB175D2-353B-4E45-B068-3B836CD7DD93}.Release|Any CPU.Build.0 = Release|Any CPU
		{509630F6-4CE0-4A78-8D21-49F074393094}.Debug|Any CPU.ActiveCfg = Debug|Any CPU
		{509630F6-4CE0-4A78-8D21-49F074393094}.Debug|Any CPU.Build.0 = Debug|Any CPU
		{509630F6-4CE0-4A78-8D21-49F074393094}.Release|Any CPU.ActiveCfg = Release|Any CPU
		{509630F6-4CE0-4A78-8D21-49F074393094}.Release|Any CPU.Build.0 = Release|Any CPU
		{E4F07194-4FAD-4E41-A1F2-7ECFFEB2E8B4}.Debug|Any CPU.ActiveCfg = Debug|Any CPU
		{E4F07194-4FAD-4E41-A1F2-7ECFFEB2E8B4}.Debug|Any CPU.Build.0 = Debug|Any CPU
		{E4F07194-4FAD-4E41-A1F2-7ECFFEB2E8B4}.Release|Any CPU.ActiveCfg = Release|Any CPU
		{E4F07194-4FAD-4E41-A1F2-7ECFFEB2E8B4}.Release|Any CPU.Build.0 = Release|Any CPU
		{48221422-B78C-490F-A8A7-066D07557A04}.Debug|Any CPU.ActiveCfg = Debug|Any CPU
		{48221422-B78C-490F-A8A7-066D07557A04}.Debug|Any CPU.Build.0 = Debug|Any CPU
		{48221422-B78C-490F-A8A7-066D07557A04}.Release|Any CPU.ActiveCfg = Release|Any CPU
		{48221422-B78C-490F-A8A7-066D07557A04}.Release|Any CPU.Build.0 = Release|Any CPU
		{EFC64A50-A717-415A-B4A6-4FCBEBC38518}.Debug|Any CPU.ActiveCfg = Debug|Any CPU
		{EFC64A50-A717-415A-B4A6-4FCBEBC38518}.Debug|Any CPU.Build.0 = Debug|Any CPU
		{EFC64A50-A717-415A-B4A6-4FCBEBC38518}.Release|Any CPU.ActiveCfg = Release|Any CPU
		{EFC64A50-A717-415A-B4A6-4FCBEBC38518}.Release|Any CPU.Build.0 = Release|Any CPU
		{B05E08BE-AF36-41F0-81D8-25C3CE05FFB9}.Debug|Any CPU.ActiveCfg = Debug|Any CPU
		{B05E08BE-AF36-41F0-81D8-25C3CE05FFB9}.Debug|Any CPU.Build.0 = Debug|Any CPU
		{B05E08BE-AF36-41F0-81D8-25C3CE05FFB9}.Release|Any CPU.ActiveCfg = Release|Any CPU
		{B05E08BE-AF36-41F0-81D8-25C3CE05FFB9}.Release|Any CPU.Build.0 = Release|Any CPU
		{14481F07-9DC0-4BE6-AE09-85AA6785E688}.Debug|Any CPU.ActiveCfg = Debug|Any CPU
		{14481F07-9DC0-4BE6-AE09-85AA6785E688}.Debug|Any CPU.Build.0 = Debug|Any CPU
		{14481F07-9DC0-4BE6-AE09-85AA6785E688}.Release|Any CPU.ActiveCfg = Release|Any CPU
		{14481F07-9DC0-4BE6-AE09-85AA6785E688}.Release|Any CPU.Build.0 = Release|Any CPU
		{24252947-05F2-47E5-9D1A-A8C5F1BC5F80}.Debug|Any CPU.ActiveCfg = Debug|Any CPU
		{24252947-05F2-47E5-9D1A-A8C5F1BC5F80}.Debug|Any CPU.Build.0 = Debug|Any CPU
		{24252947-05F2-47E5-9D1A-A8C5F1BC5F80}.Release|Any CPU.ActiveCfg = Release|Any CPU
		{24252947-05F2-47E5-9D1A-A8C5F1BC5F80}.Release|Any CPU.Build.0 = Release|Any CPU
		{906E9EC6-78D7-43BF-9566-6F2EC354F806}.Debug|Any CPU.ActiveCfg = Debug|Any CPU
		{906E9EC6-78D7-43BF-9566-6F2EC354F806}.Debug|Any CPU.Build.0 = Debug|Any CPU
		{906E9EC6-78D7-43BF-9566-6F2EC354F806}.Release|Any CPU.ActiveCfg = Release|Any CPU
		{906E9EC6-78D7-43BF-9566-6F2EC354F806}.Release|Any CPU.Build.0 = Release|Any CPU
		{5A2288D3-DA46-4457-88F8-C75A5C1999DB}.Debug|Any CPU.ActiveCfg = Debug|Any CPU
		{5A2288D3-DA46-4457-88F8-C75A5C1999DB}.Debug|Any CPU.Build.0 = Debug|Any CPU
		{5A2288D3-DA46-4457-88F8-C75A5C1999DB}.Release|Any CPU.ActiveCfg = Release|Any CPU
		{5A2288D3-DA46-4457-88F8-C75A5C1999DB}.Release|Any CPU.Build.0 = Release|Any CPU
		{3C738397-6B74-43C7-BBB5-557A22BFC496}.Debug|Any CPU.ActiveCfg = Debug|Any CPU
		{3C738397-6B74-43C7-BBB5-557A22BFC496}.Debug|Any CPU.Build.0 = Debug|Any CPU
		{3C738397-6B74-43C7-BBB5-557A22BFC496}.Release|Any CPU.ActiveCfg = Release|Any CPU
		{3C738397-6B74-43C7-BBB5-557A22BFC496}.Release|Any CPU.Build.0 = Release|Any CPU
	EndGlobalSection
	GlobalSection(SolutionProperties) = preSolution
		HideSolutionNode = FALSE
	EndGlobalSection
	GlobalSection(NestedProjects) = preSolution
		{6ADB2F0A-CE67-454A-9133-10DDE3ED90D1} = {DB653102-6675-4F44-BB10-30A6EEBB42CF}
		{BBB175D2-353B-4E45-B068-3B836CD7DD93} = {6ADB2F0A-CE67-454A-9133-10DDE3ED90D1}
		{509630F6-4CE0-4A78-8D21-49F074393094} = {6ADB2F0A-CE67-454A-9133-10DDE3ED90D1}
		{E4F07194-4FAD-4E41-A1F2-7ECFFEB2E8B4} = {11F05B47-BEDB-4592-A15C-4486C368298C}
		{48221422-B78C-490F-A8A7-066D07557A04} = {11F05B47-BEDB-4592-A15C-4486C368298C}
		{EFC64A50-A717-415A-B4A6-4FCBEBC38518} = {11F05B47-BEDB-4592-A15C-4486C368298C}
		{253E2540-7F7A-4D94-992B-D93CCAEBA5FB} = {DB653102-6675-4F44-BB10-30A6EEBB42CF}
		{B05E08BE-AF36-41F0-81D8-25C3CE05FFB9} = {253E2540-7F7A-4D94-992B-D93CCAEBA5FB}
		{14481F07-9DC0-4BE6-AE09-85AA6785E688} = {11F05B47-BEDB-4592-A15C-4486C368298C}
		{24252947-05F2-47E5-9D1A-A8C5F1BC5F80} = {11F05B47-BEDB-4592-A15C-4486C368298C}
		{906E9EC6-78D7-43BF-9566-6F2EC354F806} = {11F05B47-BEDB-4592-A15C-4486C368298C}
		{125A3015-A9E9-4BD1-9F3B-F685AF069A6F} = {DB653102-6675-4F44-BB10-30A6EEBB42CF}
		{5A2288D3-DA46-4457-88F8-C75A5C1999DB} = {125A3015-A9E9-4BD1-9F3B-F685AF069A6F}
		{3C738397-6B74-43C7-BBB5-557A22BFC496} = {11F05B47-BEDB-4592-A15C-4486C368298C}
	EndGlobalSection
EndGlobal
